
Microsoft Visual Studio Solution File, Format Version 12.00
# Visual Studio Version 16
VisualStudioVersion = 16.0.32228.343
MinimumVisualStudioVersion = 10.0.40219.1
Project("{FAE04EC0-301F-11D3-BF4B-00C04F79EFBC}") = "GameXepHinh", "GameXepHinh\GameXepHinh.csproj", "{8DD57B8D-E444-48FE-B207-342CB3F53BC8}"
EndProject
Global
	GlobalSection(SolutionConfigurationPlatforms) = preSolution
		Debug|Any CPU = Debug|Any CPU
		Release|Any CPU = Release|Any CPU
	EndGlobalSection
	GlobalSection(ProjectConfigurationPlatforms) = postSolution
		{8DD57B8D-E444-48FE-B207-342CB3F53BC8}.Debug|Any CPU.ActiveCfg = Debug|Any CPU
		{8DD57B8D-E444-48FE-B207-342CB3F53BC8}.Debug|Any CPU.Build.0 = Debug|Any CPU
		{8DD57B8D-E444-48FE-B207-342CB3F53BC8}.Release|Any CPU.ActiveCfg = Release|Any CPU
		{8DD57B8D-E444-48FE-B207-342CB3F53BC8}.Release|Any CPU.Build.0 = Release|Any CPU
	EndGlobalSection
	GlobalSection(SolutionProperties) = preSolution
		HideSolutionNode = FALSE
	EndGlobalSection
	GlobalSection(ExtensibilityGlobals) = postSolution
		SolutionGuid = {4BA3D343-D61D-4AAA-981A-A2539F8A2484}
	EndGlobalSection
EndGlobal
